
Microsoft Visual Studio Solution File, Format Version 12.00
# Visual Studio Version 17
VisualStudioVersion = 17.7.34031.279
MinimumVisualStudioVersion = 10.0.40219.1
Project("{FAE04EC0-301F-11D3-BF4B-00C04F79EFBC}") = "Flappy Bird Windows Form", "Flappy Bird Windows Form\Flappy Bird Windows Form.csproj", "{30138AA7-AB97-4A22-A5BB-D7F6543CCB19}"
EndProject
Global
	GlobalSection(SolutionConfigurationPlatforms) = preSolution
		Debug|Any CPU = Debug|Any CPU
		Release|Any CPU = Release|Any CPU
	EndGlobalSection
	GlobalSection(ProjectConfigurationPlatforms) = postSolution
		{30138AA7-AB97-4A22-A5BB-D7F6543CCB19}.Debug|Any CPU.ActiveCfg = Debug|Any CPU
		{30138AA7-AB97-4A22-A5BB-D7F6543CCB19}.Debug|Any CPU.Build.0 = Debug|Any CPU
		{30138AA7-AB97-4A22-A5BB-D7F6543CCB19}.Release|Any CPU.ActiveCfg = Release|Any CPU
		{30138AA7-AB97-4A22-A5BB-D7F6543CCB19}.Release|Any CPU.Build.0 = Release|Any CPU
	EndGlobalSection
	GlobalSection(SolutionProperties) = preSolution
		HideSolutionNode = FALSE
	EndGlobalSection
	GlobalSection(ExtensibilityGlobals) = postSolution
		SolutionGuid = {F3AC0026-19EE-4411-80BE-40FB2ED672DF}
	EndGlobalSection
EndGlobal
